
Microsoft Visual Studio Solution File, Format Version 12.00
# Visual Studio Version 16
VisualStudioVersion = 16.0.34031.81
MinimumVisualStudioVersion = 10.0.40219.1
Project("{FAE04EC0-301F-11D3-BF4B-00C04F79EFBC}") = "Ejercicios1", "Ejercicios1\Ejercicios1.csproj", "{90E904C8-B882-4754-A2C3-8E8FA6DC6F08}"
EndProject
Global
	GlobalSection(SolutionConfigurationPlatforms) = preSolution
		Debug|Any CPU = Debug|Any CPU
		Release|Any CPU = Release|Any CPU
	EndGlobalSection
	GlobalSection(ProjectConfigurationPlatforms) = postSolution
		{90E904C8-B882-4754-A2C3-8E8FA6DC6F08}.Debug|Any CPU.ActiveCfg = Debug|Any CPU
		{90E904C8-B882-4754-A2C3-8E8FA6DC6F08}.Debug|Any CPU.Build.0 = Debug|Any CPU
		{90E904C8-B882-4754-A2C3-8E8FA6DC6F08}.Release|Any CPU.ActiveCfg = Release|Any CPU
		{90E904C8-B882-4754-A2C3-8E8FA6DC6F08}.Release|Any CPU.Build.0 = Release|Any CPU
	EndGlobalSection
	GlobalSection(SolutionProperties) = preSolution
		HideSolutionNode = FALSE
	EndGlobalSection
	GlobalSection(ExtensibilityGlobals) = postSolution
		SolutionGuid = {87734EC6-08DC-44EB-B14E-9D94172663E0}
	EndGlobalSection
EndGlobal
